
Microsoft Visual Studio Solution File, Format Version 12.00
# Visual Studio Version 17
VisualStudioVersion = 17.2.32505.173
MinimumVisualStudioVersion = 10.0.40219.1
Project("{FAE04EC0-301F-11D3-BF4B-00C04F79EFBC}") = "PL", "PL\PL.csproj", "{C159A97E-C96B-4883-A516-5AF27DE344B2}"
EndProject
Project("{FAE04EC0-301F-11D3-BF4B-00C04F79EFBC}") = "BL", "BL\BL.csproj", "{43F22FBD-1B89-44C4-AA19-6D47F3861F6E}"
EndProject
Project("{FAE04EC0-301F-11D3-BF4B-00C04F79EFBC}") = "FlightModel", "FlightModel\FlightModel.csproj", "{2BF381C2-34E4-4AED-A46A-52808DCEF619}"
EndProject
Project("{FAE04EC0-301F-11D3-BF4B-00C04F79EFBC}") = "HebDates", "HebDates\HebDates.csproj", "{279A777C-FCFC-44C9-9385-CAF676F97605}"
EndProject
Project("{FAE04EC0-301F-11D3-BF4B-00C04F79EFBC}") = "Da", "Da\Da.csproj", "{F33E7700-A061-4EFB-9E93-BFA6C97199AB}"
EndProject
Project("{FAE04EC0-301F-11D3-BF4B-00C04F79EFBC}") = "DAL1", "DAL1\DAL1.csproj", "{4B37DEF5-5B52-4AF1-8D05-AC2BAD59A688}"
EndProject
Global
	GlobalSection(SolutionConfigurationPlatforms) = preSolution
		Debug|Any CPU = Debug|Any CPU
		Release|Any CPU = Release|Any CPU
	EndGlobalSection
	GlobalSection(ProjectConfigurationPlatforms) = postSolution
		{C159A97E-C96B-4883-A516-5AF27DE344B2}.Debug|Any CPU.ActiveCfg = Debug|Any CPU
		{C159A97E-C96B-4883-A516-5AF27DE344B2}.Debug|Any CPU.Build.0 = Debug|Any CPU
		{C159A97E-C96B-4883-A516-5AF27DE344B2}.Release|Any CPU.ActiveCfg = Release|Any CPU
		{C159A97E-C96B-4883-A516-5AF27DE344B2}.Release|Any CPU.Build.0 = Release|Any CPU
		{43F22FBD-1B89-44C4-AA19-6D47F3861F6E}.Debug|Any CPU.ActiveCfg = Debug|Any CPU
		{43F22FBD-1B89-44C4-AA19-6D47F3861F6E}.Debug|Any CPU.Build.0 = Debug|Any CPU
		{43F22FBD-1B89-44C4-AA19-6D47F3861F6E}.Release|Any CPU.ActiveCfg = Release|Any CPU
		{43F22FBD-1B89-44C4-AA19-6D47F3861F6E}.Release|Any CPU.Build.0 = Release|Any CPU
		{2BF381C2-34E4-4AED-A46A-52808DCEF619}.Debug|Any CPU.ActiveCfg = Debug|Any CPU
		{2BF381C2-34E4-4AED-A46A-52808DCEF619}.Debug|Any CPU.Build.0 = Debug|Any CPU
		{2BF381C2-34E4-4AED-A46A-52808DCEF619}.Release|Any CPU.ActiveCfg = Release|Any CPU
		{2BF381C2-34E4-4AED-A46A-52808DCEF619}.Release|Any CPU.Build.0 = Release|Any CPU
		{279A777C-FCFC-44C9-9385-CAF676F97605}.Debug|Any CPU.ActiveCfg = Debug|Any CPU
		{279A777C-FCFC-44C9-9385-CAF676F97605}.Debug|Any CPU.Build.0 = Debug|Any CPU
		{279A777C-FCFC-44C9-9385-CAF676F97605}.Release|Any CPU.ActiveCfg = Release|Any CPU
		{279A777C-FCFC-44C9-9385-CAF676F97605}.Release|Any CPU.Build.0 = Release|Any CPU
		{F33E7700-A061-4EFB-9E93-BFA6C97199AB}.Debug|Any CPU.ActiveCfg = Debug|Any CPU
		{F33E7700-A061-4EFB-9E93-BFA6C97199AB}.Debug|Any CPU.Build.0 = Debug|Any CPU
		{F33E7700-A061-4EFB-9E93-BFA6C97199AB}.Release|Any CPU.ActiveCfg = Release|Any CPU
		{F33E7700-A061-4EFB-9E93-BFA6C97199AB}.Release|Any CPU.Build.0 = Release|Any CPU
		{4B37DEF5-5B52-4AF1-8D05-AC2BAD59A688}.Debug|Any CPU.ActiveCfg = Debug|Any CPU
		{4B37DEF5-5B52-4AF1-8D05-AC2BAD59A688}.Debug|Any CPU.Build.0 = Debug|Any CPU
		{4B37DEF5-5B52-4AF1-8D05-AC2BAD59A688}.Release|Any CPU.ActiveCfg = Release|Any CPU
		{4B37DEF5-5B52-4AF1-8D05-AC2BAD59A688}.Release|Any CPU.Build.0 = Release|Any CPU
	EndGlobalSection
	GlobalSection(SolutionProperties) = preSolution
		HideSolutionNode = FALSE
	EndGlobalSection
	GlobalSection(ExtensibilityGlobals) = postSolution
		SolutionGuid = {59597AA7-985D-4081-BD88-D65C4CAB3086}
	EndGlobalSection
EndGlobal
